
Microsoft Visual Studio Solution File, Format Version 12.00
# Visual Studio Version 17
VisualStudioVersion = 17.0.32126.317
MinimumVisualStudioVersion = 10.0.40219.1
Project("{9A19103F-16F7-4668-BE54-9A1E7A4F7556}") = "RedacteurPortaal.Api", "RedacteurPortaal.Api\RedacteurPortaal.Api.csproj", "{03CAB651-7E7E-4C00-AF1B-F4A20805A84C}"
EndProject
Project("{9A19103F-16F7-4668-BE54-9A1E7A4F7556}") = "RedacteurPortaal.Silo", "RedacteurPortaal.Silo\RedacteurPortaal.Silo.csproj", "{68861BDC-5AB5-4A44-B107-043659F940ED}"
EndProject
Project("{9A19103F-16F7-4668-BE54-9A1E7A4F7556}") = "RedacteurPortaal.Grains", "RedacteurPortaal.Grains\RedacteurPortaal.Grains.csproj", "{8622F938-B467-4EC8-B04B-16EEF2EE47F6}"
EndProject
Project("{2150E333-8FDC-42A3-9474-1A3956D46DE8}") = "Solution Items", "Solution Items", "{36B48007-0229-429A-A771-13C49B5FF9A6}"
	ProjectSection(SolutionItems) = preProject
		.editorconfig = .editorconfig
	EndProjectSection
EndProject
Project("{9A19103F-16F7-4668-BE54-9A1E7A4F7556}") = "RedacteurPortaal.DomainModels", "RedacteurPortaal.DomainModels\RedacteurPortaal.DomainModels.csproj", "{9A446332-3FF5-456B-83C4-0E020C033D44}"
EndProject
Global
	GlobalSection(SolutionConfigurationPlatforms) = preSolution
		Debug|Any CPU = Debug|Any CPU
		Release|Any CPU = Release|Any CPU
	EndGlobalSection
	GlobalSection(ProjectConfigurationPlatforms) = postSolution
		{03CAB651-7E7E-4C00-AF1B-F4A20805A84C}.Debug|Any CPU.ActiveCfg = Debug|Any CPU
		{03CAB651-7E7E-4C00-AF1B-F4A20805A84C}.Debug|Any CPU.Build.0 = Debug|Any CPU
		{03CAB651-7E7E-4C00-AF1B-F4A20805A84C}.Release|Any CPU.ActiveCfg = Release|Any CPU
		{03CAB651-7E7E-4C00-AF1B-F4A20805A84C}.Release|Any CPU.Build.0 = Release|Any CPU
		{68861BDC-5AB5-4A44-B107-043659F940ED}.Debug|Any CPU.ActiveCfg = Debug|Any CPU
		{68861BDC-5AB5-4A44-B107-043659F940ED}.Debug|Any CPU.Build.0 = Debug|Any CPU
		{68861BDC-5AB5-4A44-B107-043659F940ED}.Release|Any CPU.ActiveCfg = Release|Any CPU
		{68861BDC-5AB5-4A44-B107-043659F940ED}.Release|Any CPU.Build.0 = Release|Any CPU
		{8622F938-B467-4EC8-B04B-16EEF2EE47F6}.Debug|Any CPU.ActiveCfg = Debug|Any CPU
		{8622F938-B467-4EC8-B04B-16EEF2EE47F6}.Debug|Any CPU.Build.0 = Debug|Any CPU
		{8622F938-B467-4EC8-B04B-16EEF2EE47F6}.Release|Any CPU.ActiveCfg = Release|Any CPU
		{8622F938-B467-4EC8-B04B-16EEF2EE47F6}.Release|Any CPU.Build.0 = Release|Any CPU
		{9A446332-3FF5-456B-83C4-0E020C033D44}.Debug|Any CPU.ActiveCfg = Debug|Any CPU
		{9A446332-3FF5-456B-83C4-0E020C033D44}.Debug|Any CPU.Build.0 = Debug|Any CPU
		{9A446332-3FF5-456B-83C4-0E020C033D44}.Release|Any CPU.ActiveCfg = Release|Any CPU
		{9A446332-3FF5-456B-83C4-0E020C033D44}.Release|Any CPU.Build.0 = Release|Any CPU
	EndGlobalSection
	GlobalSection(SolutionProperties) = preSolution
		HideSolutionNode = FALSE
	EndGlobalSection
	GlobalSection(ExtensibilityGlobals) = postSolution
		SolutionGuid = {15671F11-9EF6-41CC-8168-26BAA533F9EE}
	EndGlobalSection
EndGlobal
