
Microsoft Visual Studio Solution File, Format Version 12.00
# Visual Studio Version 17
VisualStudioVersion = 17.0.32126.317
MinimumVisualStudioVersion = 10.0.40219.1
Project("{9A19103F-16F7-4668-BE54-9A1E7A4F7556}") = "WebApplication3", "WebApplication3\WebApplication3.csproj", "{691077AD-B1E9-4D48-89EA-123EADE8FE5A}"
EndProject
Project("{9A19103F-16F7-4668-BE54-9A1E7A4F7556}") = "GrainInterfaces", "GrainInterfaces\GrainInterfaces.csproj", "{ACBD3966-0184-4344-9CE3-419AD8C6240A}"
EndProject
Project("{9A19103F-16F7-4668-BE54-9A1E7A4F7556}") = "Grains", "Grains\Grains.csproj", "{22119599-8E81-4F16-8537-85C47E5D564C}"
EndProject
Project("{9A19103F-16F7-4668-BE54-9A1E7A4F7556}") = "Silo", "Silo\Silo.csproj", "{A3D10A3C-7F80-4F28-90F5-C11B1ABDAE74}"
EndProject
Project("{FAE04EC0-301F-11D3-BF4B-00C04F79EFBC}") = "ClassLibrary", "ClassLibrary\ClassLibrary.csproj", "{60DBDE1B-08E8-42D0-A266-D3A593E4E027}"
EndProject
Global
	GlobalSection(SolutionConfigurationPlatforms) = preSolution
		Debug|Any CPU = Debug|Any CPU
		Release|Any CPU = Release|Any CPU
	EndGlobalSection
	GlobalSection(ProjectConfigurationPlatforms) = postSolution
		{691077AD-B1E9-4D48-89EA-123EADE8FE5A}.Debug|Any CPU.ActiveCfg = Debug|Any CPU
		{691077AD-B1E9-4D48-89EA-123EADE8FE5A}.Debug|Any CPU.Build.0 = Debug|Any CPU
		{691077AD-B1E9-4D48-89EA-123EADE8FE5A}.Release|Any CPU.ActiveCfg = Release|Any CPU
		{691077AD-B1E9-4D48-89EA-123EADE8FE5A}.Release|Any CPU.Build.0 = Release|Any CPU
		{ACBD3966-0184-4344-9CE3-419AD8C6240A}.Debug|Any CPU.ActiveCfg = Debug|Any CPU
		{ACBD3966-0184-4344-9CE3-419AD8C6240A}.Debug|Any CPU.Build.0 = Debug|Any CPU
		{ACBD3966-0184-4344-9CE3-419AD8C6240A}.Release|Any CPU.ActiveCfg = Release|Any CPU
		{ACBD3966-0184-4344-9CE3-419AD8C6240A}.Release|Any CPU.Build.0 = Release|Any CPU
		{22119599-8E81-4F16-8537-85C47E5D564C}.Debug|Any CPU.ActiveCfg = Debug|Any CPU
		{22119599-8E81-4F16-8537-85C47E5D564C}.Debug|Any CPU.Build.0 = Debug|Any CPU
		{22119599-8E81-4F16-8537-85C47E5D564C}.Release|Any CPU.ActiveCfg = Release|Any CPU
		{22119599-8E81-4F16-8537-85C47E5D564C}.Release|Any CPU.Build.0 = Release|Any CPU
		{A3D10A3C-7F80-4F28-90F5-C11B1ABDAE74}.Debug|Any CPU.ActiveCfg = Debug|Any CPU
		{A3D10A3C-7F80-4F28-90F5-C11B1ABDAE74}.Debug|Any CPU.Build.0 = Debug|Any CPU
		{A3D10A3C-7F80-4F28-90F5-C11B1ABDAE74}.Release|Any CPU.ActiveCfg = Release|Any CPU
		{A3D10A3C-7F80-4F28-90F5-C11B1ABDAE74}.Release|Any CPU.Build.0 = Release|Any CPU
		{60DBDE1B-08E8-42D0-A266-D3A593E4E027}.Debug|Any CPU.ActiveCfg = Debug|Any CPU
		{60DBDE1B-08E8-42D0-A266-D3A593E4E027}.Debug|Any CPU.Build.0 = Debug|Any CPU
		{60DBDE1B-08E8-42D0-A266-D3A593E4E027}.Release|Any CPU.ActiveCfg = Release|Any CPU
		{60DBDE1B-08E8-42D0-A266-D3A593E4E027}.Release|Any CPU.Build.0 = Release|Any CPU
	EndGlobalSection
	GlobalSection(SolutionProperties) = preSolution
		HideSolutionNode = FALSE
	EndGlobalSection
	GlobalSection(ExtensibilityGlobals) = postSolution
		SolutionGuid = {C62546F7-7DBD-4873-A085-0CC73355AC29}
	EndGlobalSection
EndGlobal
